
Microsoft Visual Studio Solution File, Format Version 12.00
# Visual Studio 2013
VisualStudioVersion = 12.0.40629.0
MinimumVisualStudioVersion = 10.0.40219.1
Project("{8BC9CEB8-8B4A-11D0-8D11-00A0C91BC942}") = "LAMP", "LAMP\lampcpp.vcxproj", "{274B8935-6939-44B5-BD21-4BC9198AFF3C}"
EndProject
Project("{8BC9CEB8-8B4A-11D0-8D11-00A0C91BC942}") = "CppWrapper", "CppWrapper\cppwrapper.vcxproj", "{13164D1F-B805-42AD-83FC-025DB10C34A6}"
	ProjectSection(ProjectDependencies) = postProject
		{274B8935-6939-44B5-BD21-4BC9198AFF3C} = {274B8935-6939-44B5-BD21-4BC9198AFF3C}
		{8F4DFF41-C4D2-40EC-9692-C080521C9E25} = {8F4DFF41-C4D2-40EC-9692-C080521C9E25}
		{DD69C493-4A6E-48BE-9D04-57D830A642C1} = {DD69C493-4A6E-48BE-9D04-57D830A642C1}
		{706121D8-8FC5-4304-BCE4-FDA9876E3963} = {706121D8-8FC5-4304-BCE4-FDA9876E3963}
		{E08D40E8-1784-4FDC-B4BB-F6DE2D2C733F} = {E08D40E8-1784-4FDC-B4BB-F6DE2D2C733F}
	EndProjectSection
EndProject
Project("{FAE04EC0-301F-11D3-BF4B-00C04F79EFBC}") = "MultiProjectionViewer", "MultiProjectionViewer\MultiProjectionViewer.csproj", "{993D6C9E-1EAC-4113-895C-BA447A06104F}"
	ProjectSection(ProjectDependencies) = postProject
		{13164D1F-B805-42AD-83FC-025DB10C34A6} = {13164D1F-B805-42AD-83FC-025DB10C34A6}
	EndProjectSection
EndProject
Project("{8BC9CEB8-8B4A-11D0-8D11-00A0C91BC942}") = "MDS", "MDS\MDS.vcxproj", "{E08D40E8-1784-4FDC-B4BB-F6DE2D2C733F}"
EndProject
Project("{8BC9CEB8-8B4A-11D0-8D11-00A0C91BC942}") = "Histogram", "Histogram\Histogram.vcxproj", "{DD69C493-4A6E-48BE-9D04-57D830A642C1}"
EndProject
Project("{8BC9CEB8-8B4A-11D0-8D11-00A0C91BC942}") = "InverseProjection", "InverseProjection\inverse_projection.vcxproj", "{706121D8-8FC5-4304-BCE4-FDA9876E3963}"
EndProject
Project("{8BC9CEB8-8B4A-11D0-8D11-00A0C91BC942}") = "DistanceModels", "DistPixel\DistPixel.vcxproj", "{8F4DFF41-C4D2-40EC-9692-C080521C9E25}"
EndProject
Project("{FAE04EC0-301F-11D3-BF4B-00C04F79EFBC}") = "MultiProjectionViewerMap", "MultiProjectionViewerMap\MultiProjectionViewerMap.csproj", "{A13F5691-ED28-48E7-B5FF-6032AB9BB04D}"
	ProjectSection(ProjectDependencies) = postProject
		{13164D1F-B805-42AD-83FC-025DB10C34A6} = {13164D1F-B805-42AD-83FC-025DB10C34A6}
	EndProjectSection
EndProject
Project("{FAE04EC0-301F-11D3-BF4B-00C04F79EFBC}") = "MultiProjectionViewerProp", "MultiProjectionViewerProp\MultiProjectionViewerProp.csproj", "{1A3197D6-A217-4178-852B-8783D0E9CFAE}"
	ProjectSection(ProjectDependencies) = postProject
		{13164D1F-B805-42AD-83FC-025DB10C34A6} = {13164D1F-B805-42AD-83FC-025DB10C34A6}
	EndProjectSection
EndProject
Project("{FAE04EC0-301F-11D3-BF4B-00C04F79EFBC}") = "MultiProjectionViewer4Prop", "MultiProjectionViewer4Prop\MultiProjectionViewer4Prop.csproj", "{5FAA4639-0B6C-4D2A-8E94-34E334FA4A80}"
	ProjectSection(ProjectDependencies) = postProject
		{13164D1F-B805-42AD-83FC-025DB10C34A6} = {13164D1F-B805-42AD-83FC-025DB10C34A6}
		{8F4DFF41-C4D2-40EC-9692-C080521C9E25} = {8F4DFF41-C4D2-40EC-9692-C080521C9E25}
		{DD69C493-4A6E-48BE-9D04-57D830A642C1} = {DD69C493-4A6E-48BE-9D04-57D830A642C1}
		{706121D8-8FC5-4304-BCE4-FDA9876E3963} = {706121D8-8FC5-4304-BCE4-FDA9876E3963}
		{E08D40E8-1784-4FDC-B4BB-F6DE2D2C733F} = {E08D40E8-1784-4FDC-B4BB-F6DE2D2C733F}
	EndProjectSection
EndProject
Project("{FAE04EC0-301F-11D3-BF4B-00C04F79EFBC}") = "MultiProjectionViewerMultiProp", "MultiProjectionViewerMultiProp\MultiProjectionViewerMultiProp.csproj", "{DC53D44A-B16C-4293-9C72-03FA30783EC0}"
	ProjectSection(ProjectDependencies) = postProject
		{13164D1F-B805-42AD-83FC-025DB10C34A6} = {13164D1F-B805-42AD-83FC-025DB10C34A6}
		{8F4DFF41-C4D2-40EC-9692-C080521C9E25} = {8F4DFF41-C4D2-40EC-9692-C080521C9E25}
		{706121D8-8FC5-4304-BCE4-FDA9876E3963} = {706121D8-8FC5-4304-BCE4-FDA9876E3963}
	EndProjectSection
EndProject
Global
	GlobalSection(SolutionConfigurationPlatforms) = preSolution
		Debug|Any CPU = Debug|Any CPU
		Debug|Mixed Platforms = Debug|Mixed Platforms
		Debug|Win32 = Debug|Win32
		Release|Any CPU = Release|Any CPU
		Release|Mixed Platforms = Release|Mixed Platforms
		Release|Win32 = Release|Win32
	EndGlobalSection
	GlobalSection(ProjectConfigurationPlatforms) = postSolution
		{274B8935-6939-44B5-BD21-4BC9198AFF3C}.Debug|Any CPU.ActiveCfg = Debug|Win32
		{274B8935-6939-44B5-BD21-4BC9198AFF3C}.Debug|Mixed Platforms.ActiveCfg = Debug|Win32
		{274B8935-6939-44B5-BD21-4BC9198AFF3C}.Debug|Mixed Platforms.Build.0 = Debug|Win32
		{274B8935-6939-44B5-BD21-4BC9198AFF3C}.Debug|Win32.ActiveCfg = Debug|Win32
		{274B8935-6939-44B5-BD21-4BC9198AFF3C}.Debug|Win32.Build.0 = Debug|Win32
		{274B8935-6939-44B5-BD21-4BC9198AFF3C}.Release|Any CPU.ActiveCfg = Release|Win32
		{274B8935-6939-44B5-BD21-4BC9198AFF3C}.Release|Mixed Platforms.ActiveCfg = Release|Win32
		{274B8935-6939-44B5-BD21-4BC9198AFF3C}.Release|Mixed Platforms.Build.0 = Release|Win32
		{274B8935-6939-44B5-BD21-4BC9198AFF3C}.Release|Win32.ActiveCfg = Release|Win32
		{274B8935-6939-44B5-BD21-4BC9198AFF3C}.Release|Win32.Build.0 = Release|Win32
		{13164D1F-B805-42AD-83FC-025DB10C34A6}.Debug|Any CPU.ActiveCfg = Debug|Win32
		{13164D1F-B805-42AD-83FC-025DB10C34A6}.Debug|Mixed Platforms.ActiveCfg = Debug|Win32
		{13164D1F-B805-42AD-83FC-025DB10C34A6}.Debug|Mixed Platforms.Build.0 = Debug|Win32
		{13164D1F-B805-42AD-83FC-025DB10C34A6}.Debug|Win32.ActiveCfg = Debug|Win32
		{13164D1F-B805-42AD-83FC-025DB10C34A6}.Debug|Win32.Build.0 = Debug|Win32
		{13164D1F-B805-42AD-83FC-025DB10C34A6}.Release|Any CPU.ActiveCfg = Release|Win32
		{13164D1F-B805-42AD-83FC-025DB10C34A6}.Release|Mixed Platforms.ActiveCfg = Release|Win32
		{13164D1F-B805-42AD-83FC-025DB10C34A6}.Release|Mixed Platforms.Build.0 = Release|Win32
		{13164D1F-B805-42AD-83FC-025DB10C34A6}.Release|Win32.ActiveCfg = Release|Win32
		{13164D1F-B805-42AD-83FC-025DB10C34A6}.Release|Win32.Build.0 = Release|Win32
		{993D6C9E-1EAC-4113-895C-BA447A06104F}.Debug|Any CPU.ActiveCfg = Debug|Any CPU
		{993D6C9E-1EAC-4113-895C-BA447A06104F}.Debug|Any CPU.Build.0 = Debug|Any CPU
		{993D6C9E-1EAC-4113-895C-BA447A06104F}.Debug|Mixed Platforms.ActiveCfg = Debug|Any CPU
		{993D6C9E-1EAC-4113-895C-BA447A06104F}.Debug|Mixed Platforms.Build.0 = Debug|Any CPU
		{993D6C9E-1EAC-4113-895C-BA447A06104F}.Debug|Win32.ActiveCfg = Debug|Any CPU
		{993D6C9E-1EAC-4113-895C-BA447A06104F}.Release|Any CPU.ActiveCfg = Release|Any CPU
		{993D6C9E-1EAC-4113-895C-BA447A06104F}.Release|Any CPU.Build.0 = Release|Any CPU
		{993D6C9E-1EAC-4113-895C-BA447A06104F}.Release|Mixed Platforms.ActiveCfg = Release|Any CPU
		{993D6C9E-1EAC-4113-895C-BA447A06104F}.Release|Mixed Platforms.Build.0 = Release|Any CPU
		{993D6C9E-1EAC-4113-895C-BA447A06104F}.Release|Win32.ActiveCfg = Release|Any CPU
		{E08D40E8-1784-4FDC-B4BB-F6DE2D2C733F}.Debug|Any CPU.ActiveCfg = Debug|Win32
		{E08D40E8-1784-4FDC-B4BB-F6DE2D2C733F}.Debug|Mixed Platforms.ActiveCfg = Debug|Win32
		{E08D40E8-1784-4FDC-B4BB-F6DE2D2C733F}.Debug|Mixed Platforms.Build.0 = Debug|Win32
		{E08D40E8-1784-4FDC-B4BB-F6DE2D2C733F}.Debug|Win32.ActiveCfg = Debug|Win32
		{E08D40E8-1784-4FDC-B4BB-F6DE2D2C733F}.Debug|Win32.Build.0 = Debug|Win32
		{E08D40E8-1784-4FDC-B4BB-F6DE2D2C733F}.Release|Any CPU.ActiveCfg = Release|Win32
		{E08D40E8-1784-4FDC-B4BB-F6DE2D2C733F}.Release|Mixed Platforms.ActiveCfg = Release|Win32
		{E08D40E8-1784-4FDC-B4BB-F6DE2D2C733F}.Release|Mixed Platforms.Build.0 = Release|Win32
		{E08D40E8-1784-4FDC-B4BB-F6DE2D2C733F}.Release|Win32.ActiveCfg = Release|Win32
		{E08D40E8-1784-4FDC-B4BB-F6DE2D2C733F}.Release|Win32.Build.0 = Release|Win32
		{DD69C493-4A6E-48BE-9D04-57D830A642C1}.Debug|Any CPU.ActiveCfg = Debug|Win32
		{DD69C493-4A6E-48BE-9D04-57D830A642C1}.Debug|Mixed Platforms.ActiveCfg = Debug|Win32
		{DD69C493-4A6E-48BE-9D04-57D830A642C1}.Debug|Mixed Platforms.Build.0 = Debug|Win32
		{DD69C493-4A6E-48BE-9D04-57D830A642C1}.Debug|Win32.ActiveCfg = Debug|Win32
		{DD69C493-4A6E-48BE-9D04-57D830A642C1}.Debug|Win32.Build.0 = Debug|Win32
		{DD69C493-4A6E-48BE-9D04-57D830A642C1}.Release|Any CPU.ActiveCfg = Release|Win32
		{DD69C493-4A6E-48BE-9D04-57D830A642C1}.Release|Mixed Platforms.ActiveCfg = Release|Win32
		{DD69C493-4A6E-48BE-9D04-57D830A642C1}.Release|Mixed Platforms.Build.0 = Release|Win32
		{DD69C493-4A6E-48BE-9D04-57D830A642C1}.Release|Win32.ActiveCfg = Release|Win32
		{DD69C493-4A6E-48BE-9D04-57D830A642C1}.Release|Win32.Build.0 = Release|Win32
		{706121D8-8FC5-4304-BCE4-FDA9876E3963}.Debug|Any CPU.ActiveCfg = Debug|Win32
		{706121D8-8FC5-4304-BCE4-FDA9876E3963}.Debug|Mixed Platforms.ActiveCfg = Debug|Win32
		{706121D8-8FC5-4304-BCE4-FDA9876E3963}.Debug|Mixed Platforms.Build.0 = Debug|Win32
		{706121D8-8FC5-4304-BCE4-FDA9876E3963}.Debug|Win32.ActiveCfg = Debug|Win32
		{706121D8-8FC5-4304-BCE4-FDA9876E3963}.Debug|Win32.Build.0 = Debug|Win32
		{706121D8-8FC5-4304-BCE4-FDA9876E3963}.Release|Any CPU.ActiveCfg = Release|Win32
		{706121D8-8FC5-4304-BCE4-FDA9876E3963}.Release|Mixed Platforms.ActiveCfg = Release|Win32
		{706121D8-8FC5-4304-BCE4-FDA9876E3963}.Release|Mixed Platforms.Build.0 = Release|Win32
		{706121D8-8FC5-4304-BCE4-FDA9876E3963}.Release|Win32.ActiveCfg = Release|Win32
		{706121D8-8FC5-4304-BCE4-FDA9876E3963}.Release|Win32.Build.0 = Release|Win32
		{8F4DFF41-C4D2-40EC-9692-C080521C9E25}.Debug|Any CPU.ActiveCfg = Debug|Win32
		{8F4DFF41-C4D2-40EC-9692-C080521C9E25}.Debug|Mixed Platforms.ActiveCfg = Debug|Win32
		{8F4DFF41-C4D2-40EC-9692-C080521C9E25}.Debug|Mixed Platforms.Build.0 = Debug|Win32
		{8F4DFF41-C4D2-40EC-9692-C080521C9E25}.Debug|Win32.ActiveCfg = Debug|Win32
		{8F4DFF41-C4D2-40EC-9692-C080521C9E25}.Debug|Win32.Build.0 = Debug|Win32
		{8F4DFF41-C4D2-40EC-9692-C080521C9E25}.Release|Any CPU.ActiveCfg = Release|Win32
		{8F4DFF41-C4D2-40EC-9692-C080521C9E25}.Release|Mixed Platforms.ActiveCfg = Release|Win32
		{8F4DFF41-C4D2-40EC-9692-C080521C9E25}.Release|Mixed Platforms.Build.0 = Release|Win32
		{8F4DFF41-C4D2-40EC-9692-C080521C9E25}.Release|Win32.ActiveCfg = Release|Win32
		{8F4DFF41-C4D2-40EC-9692-C080521C9E25}.Release|Win32.Build.0 = Release|Win32
		{A13F5691-ED28-48E7-B5FF-6032AB9BB04D}.Debug|Any CPU.ActiveCfg = Debug|Any CPU
		{A13F5691-ED28-48E7-B5FF-6032AB9BB04D}.Debug|Any CPU.Build.0 = Debug|Any CPU
		{A13F5691-ED28-48E7-B5FF-6032AB9BB04D}.Debug|Mixed Platforms.ActiveCfg = Debug|Any CPU
		{A13F5691-ED28-48E7-B5FF-6032AB9BB04D}.Debug|Mixed Platforms.Build.0 = Debug|Any CPU
		{A13F5691-ED28-48E7-B5FF-6032AB9BB04D}.Debug|Win32.ActiveCfg = Debug|Any CPU
		{A13F5691-ED28-48E7-B5FF-6032AB9BB04D}.Release|Any CPU.ActiveCfg = Release|Any CPU
		{A13F5691-ED28-48E7-B5FF-6032AB9BB04D}.Release|Any CPU.Build.0 = Release|Any CPU
		{A13F5691-ED28-48E7-B5FF-6032AB9BB04D}.Release|Mixed Platforms.ActiveCfg = Release|Any CPU
		{A13F5691-ED28-48E7-B5FF-6032AB9BB04D}.Release|Mixed Platforms.Build.0 = Release|Any CPU
		{A13F5691-ED28-48E7-B5FF-6032AB9BB04D}.Release|Win32.ActiveCfg = Release|Any CPU
		{1A3197D6-A217-4178-852B-8783D0E9CFAE}.Debug|Any CPU.ActiveCfg = Debug|Any CPU
		{1A3197D6-A217-4178-852B-8783D0E9CFAE}.Debug|Any CPU.Build.0 = Debug|Any CPU
		{1A3197D6-A217-4178-852B-8783D0E9CFAE}.Debug|Mixed Platforms.ActiveCfg = Debug|Any CPU
		{1A3197D6-A217-4178-852B-8783D0E9CFAE}.Debug|Mixed Platforms.Build.0 = Debug|Any CPU
		{1A3197D6-A217-4178-852B-8783D0E9CFAE}.Debug|Win32.ActiveCfg = Debug|Any CPU
		{1A3197D6-A217-4178-852B-8783D0E9CFAE}.Release|Any CPU.ActiveCfg = Release|Any CPU
		{1A3197D6-A217-4178-852B-8783D0E9CFAE}.Release|Any CPU.Build.0 = Release|Any CPU
		{1A3197D6-A217-4178-852B-8783D0E9CFAE}.Release|Mixed Platforms.ActiveCfg = Release|Any CPU
		{1A3197D6-A217-4178-852B-8783D0E9CFAE}.Release|Mixed Platforms.Build.0 = Release|Any CPU
		{1A3197D6-A217-4178-852B-8783D0E9CFAE}.Release|Win32.ActiveCfg = Release|Any CPU
		{5FAA4639-0B6C-4D2A-8E94-34E334FA4A80}.Debug|Any CPU.ActiveCfg = Debug|Any CPU
		{5FAA4639-0B6C-4D2A-8E94-34E334FA4A80}.Debug|Any CPU.Build.0 = Debug|Any CPU
		{5FAA4639-0B6C-4D2A-8E94-34E334FA4A80}.Debug|Mixed Platforms.ActiveCfg = Debug|Any CPU
		{5FAA4639-0B6C-4D2A-8E94-34E334FA4A80}.Debug|Mixed Platforms.Build.0 = Debug|Any CPU
		{5FAA4639-0B6C-4D2A-8E94-34E334FA4A80}.Debug|Win32.ActiveCfg = Debug|Any CPU
		{5FAA4639-0B6C-4D2A-8E94-34E334FA4A80}.Release|Any CPU.ActiveCfg = Release|Any CPU
		{5FAA4639-0B6C-4D2A-8E94-34E334FA4A80}.Release|Any CPU.Build.0 = Release|Any CPU
		{5FAA4639-0B6C-4D2A-8E94-34E334FA4A80}.Release|Mixed Platforms.ActiveCfg = Release|Any CPU
		{5FAA4639-0B6C-4D2A-8E94-34E334FA4A80}.Release|Mixed Platforms.Build.0 = Release|Any CPU
		{5FAA4639-0B6C-4D2A-8E94-34E334FA4A80}.Release|Win32.ActiveCfg = Release|Any CPU
		{DC53D44A-B16C-4293-9C72-03FA30783EC0}.Debug|Any CPU.ActiveCfg = Debug|Any CPU
		{DC53D44A-B16C-4293-9C72-03FA30783EC0}.Debug|Any CPU.Build.0 = Debug|Any CPU
		{DC53D44A-B16C-4293-9C72-03FA30783EC0}.Debug|Mixed Platforms.ActiveCfg = Debug|Any CPU
		{DC53D44A-B16C-4293-9C72-03FA30783EC0}.Debug|Mixed Platforms.Build.0 = Debug|Any CPU
		{DC53D44A-B16C-4293-9C72-03FA30783EC0}.Debug|Win32.ActiveCfg = Debug|Any CPU
		{DC53D44A-B16C-4293-9C72-03FA30783EC0}.Release|Any CPU.ActiveCfg = Release|Any CPU
		{DC53D44A-B16C-4293-9C72-03FA30783EC0}.Release|Any CPU.Build.0 = Release|Any CPU
		{DC53D44A-B16C-4293-9C72-03FA30783EC0}.Release|Mixed Platforms.ActiveCfg = Release|Any CPU
		{DC53D44A-B16C-4293-9C72-03FA30783EC0}.Release|Mixed Platforms.Build.0 = Release|Any CPU
		{DC53D44A-B16C-4293-9C72-03FA30783EC0}.Release|Win32.ActiveCfg = Release|Any CPU
	EndGlobalSection
	GlobalSection(SolutionProperties) = preSolution
		HideSolutionNode = FALSE
	EndGlobalSection
EndGlobal
